
Microsoft Visual Studio Solution File, Format Version 12.00
# Visual Studio Version 17
VisualStudioVersion = 17.0.31903.59
MinimumVisualStudioVersion = 10.0.40219.1
Project("{2150E333-8FDC-42A3-9474-1A3956D46DE8}") = "src", "src", "{A690841A-1637-4ACD-8E3F-FCE9763006A1}"
EndProject
Project("{2150E333-8FDC-42A3-9474-1A3956D46DE8}") = "windows", "windows", "{F0333A47-E162-46AA-853D-4309882C9E58}"
EndProject
Project("{FAE04EC0-301F-11D3-BF4B-00C04F79EFBC}") = "StudyCheckin.Core", "src\windows\StudyCheckin.Core\StudyCheckin.Core.csproj", "{42EB9149-6B10-4427-9964-2DE607824B66}"
EndProject
Project("{2150E333-8FDC-42A3-9474-1A3956D46DE8}") = "tests", "tests", "{BA4A4C13-3A67-407B-89AA-4EC7F653D896}"
EndProject
Project("{FAE04EC0-301F-11D3-BF4B-00C04F79EFBC}") = "StudyCheckin.Core.Tests", "tests\StudyCheckin.Core.Tests\StudyCheckin.Core.Tests.csproj", "{8C8E56B6-0F44-4549-9615-09FD4FB5887C}"
EndProject
Project("{FAE04EC0-301F-11D3-BF4B-00C04F79EFBC}") = "StudyCheckin.Desktop", "src\windows\StudyCheckin.Desktop\StudyCheckin.Desktop.csproj", "{168E3821-847C-4432-9AC6-618BAEA5A7C8}"
EndProject
Global
	GlobalSection(SolutionConfigurationPlatforms) = preSolution
		Debug|Any CPU = Debug|Any CPU
		Release|Any CPU = Release|Any CPU
	EndGlobalSection
	GlobalSection(SolutionProperties) = preSolution
		HideSolutionNode = FALSE
	EndGlobalSection
	GlobalSection(ProjectConfigurationPlatforms) = postSolution
		{42EB9149-6B10-4427-9964-2DE607824B66}.Debug|Any CPU.ActiveCfg = Debug|Any CPU
		{42EB9149-6B10-4427-9964-2DE607824B66}.Debug|Any CPU.Build.0 = Debug|Any CPU
		{42EB9149-6B10-4427-9964-2DE607824B66}.Release|Any CPU.ActiveCfg = Release|Any CPU
		{42EB9149-6B10-4427-9964-2DE607824B66}.Release|Any CPU.Build.0 = Release|Any CPU
		{8C8E56B6-0F44-4549-9615-09FD4FB5887C}.Debug|Any CPU.ActiveCfg = Debug|Any CPU
		{8C8E56B6-0F44-4549-9615-09FD4FB5887C}.Debug|Any CPU.Build.0 = Debug|Any CPU
		{8C8E56B6-0F44-4549-9615-09FD4FB5887C}.Release|Any CPU.ActiveCfg = Release|Any CPU
		{8C8E56B6-0F44-4549-9615-09FD4FB5887C}.Release|Any CPU.Build.0 = Release|Any CPU
		{168E3821-847C-4432-9AC6-618BAEA5A7C8}.Debug|Any CPU.ActiveCfg = Debug|Any CPU
		{168E3821-847C-4432-9AC6-618BAEA5A7C8}.Debug|Any CPU.Build.0 = Debug|Any CPU
		{168E3821-847C-4432-9AC6-618BAEA5A7C8}.Release|Any CPU.ActiveCfg = Release|Any CPU
		{168E3821-847C-4432-9AC6-618BAEA5A7C8}.Release|Any CPU.Build.0 = Release|Any CPU
	EndGlobalSection
	GlobalSection(NestedProjects) = preSolution
		{F0333A47-E162-46AA-853D-4309882C9E58} = {A690841A-1637-4ACD-8E3F-FCE9763006A1}
		{42EB9149-6B10-4427-9964-2DE607824B66} = {F0333A47-E162-46AA-853D-4309882C9E58}
		{8C8E56B6-0F44-4549-9615-09FD4FB5887C} = {BA4A4C13-3A67-407B-89AA-4EC7F653D896}
		{168E3821-847C-4432-9AC6-618BAEA5A7C8} = {F0333A47-E162-46AA-853D-4309882C9E58}
	EndGlobalSection
EndGlobal
